
Microsoft Visual Studio Solution File, Format Version 12.00
# Visual Studio 15
Project("{FAE04EC0-301F-11D3-BF4B-00C04F79EFBC}") = "Assembly-CSharp-firstpass", "Assembly-CSharp-firstpass.csproj", "{A8A866EB-4B16-3AEE-0F74-49841242CBF9}"
EndProject
Project("{FAE04EC0-301F-11D3-BF4B-00C04F79EFBC}") = "Assembly-CSharp", "Assembly-CSharp.csproj", "{228949D0-3BBD-86E9-DD47-75D4EF056558}"
EndProject
Project("{FAE04EC0-301F-11D3-BF4B-00C04F79EFBC}") = "Assembly-CSharp-Editor-firstpass", "Assembly-CSharp-Editor-firstpass.csproj", "{989DA10F-DB2C-0003-A0B3-F89BE7E347EB}"
EndProject
Global
	GlobalSection(SolutionConfigurationPlatforms) = preSolution
		Debug|Any CPU = Debug|Any CPU
		Release|Any CPU = Release|Any CPU
	EndGlobalSection
	GlobalSection(ProjectConfigurationPlatforms) = postSolution
		{A8A866EB-4B16-3AEE-0F74-49841242CBF9}.Debug|Any CPU.ActiveCfg = Debug|Any CPU
		{A8A866EB-4B16-3AEE-0F74-49841242CBF9}.Debug|Any CPU.Build.0 = Debug|Any CPU
		{A8A866EB-4B16-3AEE-0F74-49841242CBF9}.Release|Any CPU.ActiveCfg = Release|Any CPU
		{A8A866EB-4B16-3AEE-0F74-49841242CBF9}.Release|Any CPU.Build.0 = Release|Any CPU
		{228949D0-3BBD-86E9-DD47-75D4EF056558}.Debug|Any CPU.ActiveCfg = Debug|Any CPU
		{228949D0-3BBD-86E9-DD47-75D4EF056558}.Debug|Any CPU.Build.0 = Debug|Any CPU
		{228949D0-3BBD-86E9-DD47-75D4EF056558}.Release|Any CPU.ActiveCfg = Release|Any CPU
		{228949D0-3BBD-86E9-DD47-75D4EF056558}.Release|Any CPU.Build.0 = Release|Any CPU
		{989DA10F-DB2C-0003-A0B3-F89BE7E347EB}.Debug|Any CPU.ActiveCfg = Debug|Any CPU
		{989DA10F-DB2C-0003-A0B3-F89BE7E347EB}.Debug|Any CPU.Build.0 = Debug|Any CPU
		{989DA10F-DB2C-0003-A0B3-F89BE7E347EB}.Release|Any CPU.ActiveCfg = Release|Any CPU
		{989DA10F-DB2C-0003-A0B3-F89BE7E347EB}.Release|Any CPU.Build.0 = Release|Any CPU
	EndGlobalSection
	GlobalSection(SolutionProperties) = preSolution
		HideSolutionNode = FALSE
	EndGlobalSection
EndGlobal
