
Microsoft Visual Studio Solution File, Format Version 12.00
# Visual Studio 16
Project("{FAE04EC0-301F-11D3-BF4B-00C04F79EFBC}") = "Assembly-CSharp", "Assembly-CSharp.csproj", "{B17F8F5B-538A-D3EE-FE8B-F9AE3EDA0BFD}"
EndProject
Project("{FAE04EC0-301F-11D3-BF4B-00C04F79EFBC}") = "Assembly-CSharp-Editor", "Assembly-CSharp-Editor.csproj", "{CA144494-CCEC-C4E6-50DF-24DF96B00EBB}"
EndProject
Global
	GlobalSection(SolutionConfigurationPlatforms) = preSolution
		Debug|Any CPU = Debug|Any CPU
		Release|Any CPU = Release|Any CPU
	EndGlobalSection
	GlobalSection(ProjectConfigurationPlatforms) = postSolution
		{B17F8F5B-538A-D3EE-FE8B-F9AE3EDA0BFD}.Debug|Any CPU.ActiveCfg = Debug|Any CPU
		{B17F8F5B-538A-D3EE-FE8B-F9AE3EDA0BFD}.Debug|Any CPU.Build.0 = Debug|Any CPU
		{B17F8F5B-538A-D3EE-FE8B-F9AE3EDA0BFD}.Release|Any CPU.ActiveCfg = Release|Any CPU
		{B17F8F5B-538A-D3EE-FE8B-F9AE3EDA0BFD}.Release|Any CPU.Build.0 = Release|Any CPU
		{CA144494-CCEC-C4E6-50DF-24DF96B00EBB}.Debug|Any CPU.ActiveCfg = Debug|Any CPU
		{CA144494-CCEC-C4E6-50DF-24DF96B00EBB}.Debug|Any CPU.Build.0 = Debug|Any CPU
		{CA144494-CCEC-C4E6-50DF-24DF96B00EBB}.Release|Any CPU.ActiveCfg = Release|Any CPU
		{CA144494-CCEC-C4E6-50DF-24DF96B00EBB}.Release|Any CPU.Build.0 = Release|Any CPU
	EndGlobalSection
	GlobalSection(SolutionProperties) = preSolution
		HideSolutionNode = FALSE
	EndGlobalSection
EndGlobal
